
Microsoft Visual Studio Solution File, Format Version 12.00
# Visual Studio Version 17
VisualStudioVersion = 17.2.32526.322
MinimumVisualStudioVersion = 10.0.40219.1
Project("{FAE04EC0-301F-11D3-BF4B-00C04F79EFBC}") = "Template", "Template\Template.csproj", "{ED94B677-734A-4C50-902F-82C71B87EF0C}"
EndProject
Global
	GlobalSection(SolutionConfigurationPlatforms) = preSolution
		Debug|Any CPU = Debug|Any CPU
		Release|Any CPU = Release|Any CPU
	EndGlobalSection
	GlobalSection(ProjectConfigurationPlatforms) = postSolution
		{ED94B677-734A-4C50-902F-82C71B87EF0C}.Debug|Any CPU.ActiveCfg = Debug|Any CPU
		{ED94B677-734A-4C50-902F-82C71B87EF0C}.Debug|Any CPU.Build.0 = Debug|Any CPU
		{ED94B677-734A-4C50-902F-82C71B87EF0C}.Release|Any CPU.ActiveCfg = Release|Any CPU
		{ED94B677-734A-4C50-902F-82C71B87EF0C}.Release|Any CPU.Build.0 = Release|Any CPU
	EndGlobalSection
	GlobalSection(SolutionProperties) = preSolution
		HideSolutionNode = FALSE
	EndGlobalSection
	GlobalSection(ExtensibilityGlobals) = postSolution
		SolutionGuid = {CDAFCE3A-6D5A-467F-A8D7-F7098EC4632F}
	EndGlobalSection
EndGlobal
